
Microsoft Visual Studio Solution File, Format Version 12.00
# Visual Studio Version 17
VisualStudioVersion = 17.2.32616.157
MinimumVisualStudioVersion = 10.0.40219.1
Project("{FAE04EC0-301F-11D3-BF4B-00C04F79EFBC}") = "03.HelloWorldServer", "03.HelloWorldServer\03.HelloWorldServer.csproj", "{A86EA52C-6FD5-4071-9D29-52EC935B7A7C}"
EndProject
Project("{FAE04EC0-301F-11D3-BF4B-00C04F79EFBC}") = "03.HelloWorldWebAssembly", "03.HelloWorldWebAssembly\03.HelloWorldWebAssembly.csproj", "{BDA1AAE9-19F7-44F0-BD37-CDEC6E6C91CC}"
EndProject
Project("{FAE04EC0-301F-11D3-BF4B-00C04F79EFBC}") = "08.Events", "08.Events\08.Events.csproj", "{A569E885-864D-4437-AC63-265CC0A18B9C}"
EndProject
Project("{FAE04EC0-301F-11D3-BF4B-00C04F79EFBC}") = "08.Forms", "08.Forms\08.Forms.csproj", "{C181E287-7398-41B9-A49A-047295F71394}"
EndProject
Project("{FAE04EC0-301F-11D3-BF4B-00C04F79EFBC}") = "10.JsInterop", "10.JsInterop\10.JsInterop.csproj", "{DD58F980-2FCA-4ED9-986E-F4076942DFD3}"
EndProject
Global
	GlobalSection(SolutionConfigurationPlatforms) = preSolution
		Debug|Any CPU = Debug|Any CPU
		Release|Any CPU = Release|Any CPU
	EndGlobalSection
	GlobalSection(ProjectConfigurationPlatforms) = postSolution
		{A86EA52C-6FD5-4071-9D29-52EC935B7A7C}.Debug|Any CPU.ActiveCfg = Debug|Any CPU
		{A86EA52C-6FD5-4071-9D29-52EC935B7A7C}.Debug|Any CPU.Build.0 = Debug|Any CPU
		{A86EA52C-6FD5-4071-9D29-52EC935B7A7C}.Release|Any CPU.ActiveCfg = Release|Any CPU
		{A86EA52C-6FD5-4071-9D29-52EC935B7A7C}.Release|Any CPU.Build.0 = Release|Any CPU
		{BDA1AAE9-19F7-44F0-BD37-CDEC6E6C91CC}.Debug|Any CPU.ActiveCfg = Debug|Any CPU
		{BDA1AAE9-19F7-44F0-BD37-CDEC6E6C91CC}.Debug|Any CPU.Build.0 = Debug|Any CPU
		{BDA1AAE9-19F7-44F0-BD37-CDEC6E6C91CC}.Release|Any CPU.ActiveCfg = Release|Any CPU
		{BDA1AAE9-19F7-44F0-BD37-CDEC6E6C91CC}.Release|Any CPU.Build.0 = Release|Any CPU
		{A569E885-864D-4437-AC63-265CC0A18B9C}.Debug|Any CPU.ActiveCfg = Debug|Any CPU
		{A569E885-864D-4437-AC63-265CC0A18B9C}.Debug|Any CPU.Build.0 = Debug|Any CPU
		{A569E885-864D-4437-AC63-265CC0A18B9C}.Release|Any CPU.ActiveCfg = Release|Any CPU
		{A569E885-864D-4437-AC63-265CC0A18B9C}.Release|Any CPU.Build.0 = Release|Any CPU
		{C181E287-7398-41B9-A49A-047295F71394}.Debug|Any CPU.ActiveCfg = Debug|Any CPU
		{C181E287-7398-41B9-A49A-047295F71394}.Debug|Any CPU.Build.0 = Debug|Any CPU
		{C181E287-7398-41B9-A49A-047295F71394}.Release|Any CPU.ActiveCfg = Release|Any CPU
		{C181E287-7398-41B9-A49A-047295F71394}.Release|Any CPU.Build.0 = Release|Any CPU
		{DD58F980-2FCA-4ED9-986E-F4076942DFD3}.Debug|Any CPU.ActiveCfg = Debug|Any CPU
		{DD58F980-2FCA-4ED9-986E-F4076942DFD3}.Debug|Any CPU.Build.0 = Debug|Any CPU
		{DD58F980-2FCA-4ED9-986E-F4076942DFD3}.Release|Any CPU.ActiveCfg = Release|Any CPU
		{DD58F980-2FCA-4ED9-986E-F4076942DFD3}.Release|Any CPU.Build.0 = Release|Any CPU
	EndGlobalSection
	GlobalSection(SolutionProperties) = preSolution
		HideSolutionNode = FALSE
	EndGlobalSection
	GlobalSection(ExtensibilityGlobals) = postSolution
		SolutionGuid = {5E4D3A62-5064-448F-9144-94471FAC6C08}
	EndGlobalSection
EndGlobal
